
Microsoft Visual Studio Solution File, Format Version 12.00
# Visual Studio Version 17
VisualStudioVersion = 17.14.36623.8 d17.14
MinimumVisualStudioVersion = 10.0.40219.1
Project("{2150E333-8FDC-42A3-9474-1A3956D46DE8}") = "Task0", "Task0", "{02EA681E-C7D8-13C7-8484-4AC65E1B71E8}"
EndProject
Project("{FAE04EC0-301F-11D3-BF4B-00C04F79EFBC}") = "Tyuiu.AroyanAV.Sprint4.Task0.V18", "Tyuiu.AroyanAV.Sprint4.Task0.V18\Tyuiu.AroyanAV.Sprint4.Task0.V18.csproj", "{0DEA5D3D-A754-432B-9462-5F79FF1E3EE7}"
EndProject
Project("{FAE04EC0-301F-11D3-BF4B-00C04F79EFBC}") = "Tyuiu.AroyanAV.Sprint4.Task0.V18.Lib", "Tyuiu.AroyanAV.Sprint4.Task0.V18.Lib\Tyuiu.AroyanAV.Sprint4.Task0.V18.Lib.csproj", "{B60D3B9D-48CC-41D8-B3DE-30789B5CCC56}"
EndProject
Project("{FAE04EC0-301F-11D3-BF4B-00C04F79EFBC}") = "Tyuiu.AroyanAV.Sprint4.Task0.V18.Test", "Tyuiu.AroyanAV.Sprint4.Task0.V18.Test\Tyuiu.AroyanAV.Sprint4.Task0.V18.Test.csproj", "{4254B347-1010-4214-88BA-0CCC19B64E3A}"
EndProject
Global
	GlobalSection(SolutionConfigurationPlatforms) = preSolution
		Debug|Any CPU = Debug|Any CPU
		Release|Any CPU = Release|Any CPU
	EndGlobalSection
	GlobalSection(ProjectConfigurationPlatforms) = postSolution
		{0DEA5D3D-A754-432B-9462-5F79FF1E3EE7}.Debug|Any CPU.ActiveCfg = Debug|Any CPU
		{0DEA5D3D-A754-432B-9462-5F79FF1E3EE7}.Debug|Any CPU.Build.0 = Debug|Any CPU
		{0DEA5D3D-A754-432B-9462-5F79FF1E3EE7}.Release|Any CPU.ActiveCfg = Release|Any CPU
		{0DEA5D3D-A754-432B-9462-5F79FF1E3EE7}.Release|Any CPU.Build.0 = Release|Any CPU
		{B60D3B9D-48CC-41D8-B3DE-30789B5CCC56}.Debug|Any CPU.ActiveCfg = Debug|Any CPU
		{B60D3B9D-48CC-41D8-B3DE-30789B5CCC56}.Debug|Any CPU.Build.0 = Debug|Any CPU
		{B60D3B9D-48CC-41D8-B3DE-30789B5CCC56}.Release|Any CPU.ActiveCfg = Release|Any CPU
		{B60D3B9D-48CC-41D8-B3DE-30789B5CCC56}.Release|Any CPU.Build.0 = Release|Any CPU
		{4254B347-1010-4214-88BA-0CCC19B64E3A}.Debug|Any CPU.ActiveCfg = Debug|Any CPU
		{4254B347-1010-4214-88BA-0CCC19B64E3A}.Debug|Any CPU.Build.0 = Debug|Any CPU
		{4254B347-1010-4214-88BA-0CCC19B64E3A}.Release|Any CPU.ActiveCfg = Release|Any CPU
		{4254B347-1010-4214-88BA-0CCC19B64E3A}.Release|Any CPU.Build.0 = Release|Any CPU
	EndGlobalSection
	GlobalSection(SolutionProperties) = preSolution
		HideSolutionNode = FALSE
	EndGlobalSection
	GlobalSection(NestedProjects) = preSolution
		{0DEA5D3D-A754-432B-9462-5F79FF1E3EE7} = {02EA681E-C7D8-13C7-8484-4AC65E1B71E8}
		{B60D3B9D-48CC-41D8-B3DE-30789B5CCC56} = {02EA681E-C7D8-13C7-8484-4AC65E1B71E8}
		{4254B347-1010-4214-88BA-0CCC19B64E3A} = {02EA681E-C7D8-13C7-8484-4AC65E1B71E8}
	EndGlobalSection
	GlobalSection(ExtensibilityGlobals) = postSolution
		SolutionGuid = {F8A50247-1237-438A-AC3F-D4DE9F189373}
	EndGlobalSection
EndGlobal
