
Microsoft Visual Studio Solution File, Format Version 12.00
# Visual Studio Version 17
VisualStudioVersion = 17.14.36623.8 d17.14
MinimumVisualStudioVersion = 10.0.40219.1
Project("{2150E333-8FDC-42A3-9474-1A3956D46DE8}") = "Task0", "Task0", "{02EA681E-C7D8-13C7-8484-4AC65E1B71E8}"
EndProject
Project("{FAE04EC0-301F-11D3-BF4B-00C04F79EFBC}") = "Tyuiu.AroyanAV.Sprint4.Task0.V18", "Tyuiu.AroyanAV.Sprint4.Task0.V18\Tyuiu.AroyanAV.Sprint4.Task0.V18.csproj", "{0DEA5D3D-A754-432B-9462-5F79FF1E3EE7}"
EndProject
Project("{FAE04EC0-301F-11D3-BF4B-00C04F79EFBC}") = "Tyuiu.AroyanAV.Sprint4.Task0.V18.Lib", "Tyuiu.AroyanAV.Sprint4.Task0.V18.Lib\Tyuiu.AroyanAV.Sprint4.Task0.V18.Lib.csproj", "{B60D3B9D-48CC-41D8-B3DE-30789B5CCC56}"
EndProject
Project("{FAE04EC0-301F-11D3-BF4B-00C04F79EFBC}") = "Tyuiu.AroyanAV.Sprint4.Task0.V18.Test", "Tyuiu.AroyanAV.Sprint4.Task0.V18.Test\Tyuiu.AroyanAV.Sprint4.Task0.V18.Test.csproj", "{4254B347-1010-4214-88BA-0CCC19B64E3A}"
EndProject
Project("{2150E333-8FDC-42A3-9474-1A3956D46DE8}") = "Task1", "Task1", "{A52F0940-9F19-4ED0-BC41-55A7E8F7C8BD}"
EndProject
Project("{FAE04EC0-301F-11D3-BF4B-00C04F79EFBC}") = "Tyuiu.AroyanAV.Sprint4.Task1.V24", "Tyuiu.AroyanAV.Sprint4.Task1.V24\Tyuiu.AroyanAV.Sprint4.Task1.V24.csproj", "{9B61CC23-1E12-42F1-9C7F-1BE5BE2A90FB}"
EndProject
Project("{FAE04EC0-301F-11D3-BF4B-00C04F79EFBC}") = "Tyuiu.AroyanAV.Sprint4.Task1.V24.Lib", "Tyuiu.AroyanAV.Sprint4.Task1.V24.Lib\Tyuiu.AroyanAV.Sprint4.Task1.V24.Lib.csproj", "{01FB3A68-46DC-4339-8BCF-7CE6AA4A3659}"
EndProject
Project("{FAE04EC0-301F-11D3-BF4B-00C04F79EFBC}") = "Tyuiu.AroyanAV.Sprint4.Task1.V24.Test", "Tyuiu.AroyanAV.Sprint4.Task1.V24.Test\Tyuiu.AroyanAV.Sprint4.Task1.V24.Test.csproj", "{38B11511-F797-42F8-B0F8-C975C12FF502}"
EndProject
Project("{2150E333-8FDC-42A3-9474-1A3956D46DE8}") = "Task2", "Task2", "{4FAA7962-8E27-4AFA-853E-5A690A326260}"
EndProject
Project("{FAE04EC0-301F-11D3-BF4B-00C04F79EFBC}") = "Tyuiu.AroyanAV.Sprint4.Task2.V18", "Tyuiu.AroyanAV.Sprint4.Task2.V18\Tyuiu.AroyanAV.Sprint4.Task2.V18.csproj", "{C4B6FF2F-818D-43ED-BE3C-1746A954077A}"
EndProject
Project("{FAE04EC0-301F-11D3-BF4B-00C04F79EFBC}") = "Tyuiu.AroyanAV.Sprint4.Task2.V18.Lib", "Tyuiu.AroyanAV.Sprint4.Task2.V18.Lib\Tyuiu.AroyanAV.Sprint4.Task2.V18.Lib.csproj", "{09AAB938-1F7B-468C-B901-B88A2E5630A4}"
EndProject
Project("{FAE04EC0-301F-11D3-BF4B-00C04F79EFBC}") = "Tyuiu.AroyanAV.Sprint4.Task2.V18.Test", "Tyuiu.AroyanAV.Sprint4.Task2.V18.Test\Tyuiu.AroyanAV.Sprint4.Task2.V18.Test.csproj", "{2E47C678-13D2-466D-9459-A3B4522F1A48}"
EndProject
Project("{2150E333-8FDC-42A3-9474-1A3956D46DE8}") = "Task3", "Task3", "{E133CC81-3474-4276-9874-2A5E9EE487FF}"
EndProject
Project("{FAE04EC0-301F-11D3-BF4B-00C04F79EFBC}") = "Tyuiu.AroyanAV.Sprint4.Task3.V12", "Tyuiu.AroyanAV.Sprint4.Task3.V12\Tyuiu.AroyanAV.Sprint4.Task3.V12.csproj", "{F86B8D6D-C31A-41A1-A37A-C62DE9FC5DB1}"
EndProject
Project("{FAE04EC0-301F-11D3-BF4B-00C04F79EFBC}") = "Tyuiu.AroyanAV.Sprint4.Task3.V12.Lib", "Tyuiu.AroyanAV.Sprint4.Task3.V12.Lib\Tyuiu.AroyanAV.Sprint4.Task3.V12.Lib.csproj", "{22E78DAD-64B6-4405-98A0-433FAC293A2D}"
EndProject
Project("{FAE04EC0-301F-11D3-BF4B-00C04F79EFBC}") = "Tyuiu.AroyanAV.Sprint4.Task3.V12.Test", "Tyuiu.AroyanAV.Sprint4.Task3.V12.Test\Tyuiu.AroyanAV.Sprint4.Task3.V12.Test.csproj", "{7E74BF4F-F894-4136-8845-BCD603A2E4B9}"
EndProject
Project("{2150E333-8FDC-42A3-9474-1A3956D46DE8}") = "Task4", "Task4", "{D5E32672-76C5-4DAA-A988-DAD8BD2D0706}"
EndProject
Project("{FAE04EC0-301F-11D3-BF4B-00C04F79EFBC}") = "Tyuiu.AroyanAV.Sprint4.Task4.V22", "Tyuiu.AroyanAV.Sprint4.Task4.V22\Tyuiu.AroyanAV.Sprint4.Task4.V22.csproj", "{B68B0A22-24CC-4282-B688-052E4C5B6F5B}"
EndProject
Project("{FAE04EC0-301F-11D3-BF4B-00C04F79EFBC}") = "Tyuiu.AroyanAV.Sprint4.Task4.V22.Lib", "Tyuiu.AroyanAV.Sprint4.Task4.V22.Lib\Tyuiu.AroyanAV.Sprint4.Task4.V22.Lib.csproj", "{70001FF4-7539-4796-AC7A-10F6C5E0E050}"
EndProject
Project("{FAE04EC0-301F-11D3-BF4B-00C04F79EFBC}") = "Tyuiu.AroyanAV.Sprint4.Task4.V22.Test", "Tyuiu.AroyanAV.Sprint4.Task4.V22.Test\Tyuiu.AroyanAV.Sprint4.Task4.V22.Test.csproj", "{E7003273-D0E1-43C4-911D-0FA76D67460E}"
EndProject
Project("{2150E333-8FDC-42A3-9474-1A3956D46DE8}") = "Task5", "Task5", "{A523ADAA-E211-4203-A956-373427985C2C}"
EndProject
Project("{FAE04EC0-301F-11D3-BF4B-00C04F79EFBC}") = "Tyuiu.AroyanAV.Sprint4.Task5.V5", "Tyuiu.AroyanAV.Sprint4.Task5.V5\Tyuiu.AroyanAV.Sprint4.Task5.V5.csproj", "{89F43485-6CFE-494B-9494-D717BDA905BF}"
EndProject
Project("{FAE04EC0-301F-11D3-BF4B-00C04F79EFBC}") = "Tyuiu.AroyanAV.Sprint4.Task5.V5.Lib", "Tyuiu.AroyanAV.Sprint4.Task5.V5.Lib\Tyuiu.AroyanAV.Sprint4.Task5.V5.Lib.csproj", "{BA45FD8A-043A-4BCC-A284-3DCB9543BAF4}"
EndProject
Project("{FAE04EC0-301F-11D3-BF4B-00C04F79EFBC}") = "Tyuiu.AroyanAV.Sprint4.Task5.V5.Test", "Tyuiu.AroyanAV.Sprint4.Task5.V5.Test\Tyuiu.AroyanAV.Sprint4.Task5.V5.Test.csproj", "{35B2355F-228B-4F7B-9BC0-216DA6A4E1B9}"
EndProject
Project("{2150E333-8FDC-42A3-9474-1A3956D46DE8}") = "Task6", "Task6", "{BDF2D538-2722-4BD3-9386-832FD3E4D235}"
EndProject
Project("{FAE04EC0-301F-11D3-BF4B-00C04F79EFBC}") = "Tyuiu.AroyanAV.Sprint4.Task6.V15", "Tyuiu.AroyanAV.Sprint4.Task6.V15\Tyuiu.AroyanAV.Sprint4.Task6.V15.csproj", "{BB4B9E3D-A1A7-4BEE-AB30-2E22D8D736CE}"
EndProject
Project("{FAE04EC0-301F-11D3-BF4B-00C04F79EFBC}") = "Tyuiu.AroyanAV.Sprint4.Task6.V15.Lib", "Tyuiu.AroyanAV.Sprint4.Task6.V15.Lib\Tyuiu.AroyanAV.Sprint4.Task6.V15.Lib.csproj", "{1E56C783-474D-43E0-90D1-1E6E2273A61B}"
EndProject
Project("{FAE04EC0-301F-11D3-BF4B-00C04F79EFBC}") = "Tyuiu.AroyanAV.Sprint4.Task6.V15.Test", "Tyuiu.AroyanAV.Sprint4.Task6.V15.Test\Tyuiu.AroyanAV.Sprint4.Task6.V15.Test.csproj", "{89E7D917-82A1-4D8F-826A-EDED7F85500E}"
EndProject
Global
	GlobalSection(SolutionConfigurationPlatforms) = preSolution
		Debug|Any CPU = Debug|Any CPU
		Release|Any CPU = Release|Any CPU
	EndGlobalSection
	GlobalSection(ProjectConfigurationPlatforms) = postSolution
		{0DEA5D3D-A754-432B-9462-5F79FF1E3EE7}.Debug|Any CPU.ActiveCfg = Debug|Any CPU
		{0DEA5D3D-A754-432B-9462-5F79FF1E3EE7}.Debug|Any CPU.Build.0 = Debug|Any CPU
		{0DEA5D3D-A754-432B-9462-5F79FF1E3EE7}.Release|Any CPU.ActiveCfg = Release|Any CPU
		{0DEA5D3D-A754-432B-9462-5F79FF1E3EE7}.Release|Any CPU.Build.0 = Release|Any CPU
		{B60D3B9D-48CC-41D8-B3DE-30789B5CCC56}.Debug|Any CPU.ActiveCfg = Debug|Any CPU
		{B60D3B9D-48CC-41D8-B3DE-30789B5CCC56}.Debug|Any CPU.Build.0 = Debug|Any CPU
		{B60D3B9D-48CC-41D8-B3DE-30789B5CCC56}.Release|Any CPU.ActiveCfg = Release|Any CPU
		{B60D3B9D-48CC-41D8-B3DE-30789B5CCC56}.Release|Any CPU.Build.0 = Release|Any CPU
		{4254B347-1010-4214-88BA-0CCC19B64E3A}.Debug|Any CPU.ActiveCfg = Debug|Any CPU
		{4254B347-1010-4214-88BA-0CCC19B64E3A}.Debug|Any CPU.Build.0 = Debug|Any CPU
		{4254B347-1010-4214-88BA-0CCC19B64E3A}.Release|Any CPU.ActiveCfg = Release|Any CPU
		{4254B347-1010-4214-88BA-0CCC19B64E3A}.Release|Any CPU.Build.0 = Release|Any CPU
		{9B61CC23-1E12-42F1-9C7F-1BE5BE2A90FB}.Debug|Any CPU.ActiveCfg = Debug|Any CPU
		{9B61CC23-1E12-42F1-9C7F-1BE5BE2A90FB}.Debug|Any CPU.Build.0 = Debug|Any CPU
		{9B61CC23-1E12-42F1-9C7F-1BE5BE2A90FB}.Release|Any CPU.ActiveCfg = Release|Any CPU
		{9B61CC23-1E12-42F1-9C7F-1BE5BE2A90FB}.Release|Any CPU.Build.0 = Release|Any CPU
		{01FB3A68-46DC-4339-8BCF-7CE6AA4A3659}.Debug|Any CPU.ActiveCfg = Debug|Any CPU
		{01FB3A68-46DC-4339-8BCF-7CE6AA4A3659}.Debug|Any CPU.Build.0 = Debug|Any CPU
		{01FB3A68-46DC-4339-8BCF-7CE6AA4A3659}.Release|Any CPU.ActiveCfg = Release|Any CPU
		{01FB3A68-46DC-4339-8BCF-7CE6AA4A3659}.Release|Any CPU.Build.0 = Release|Any CPU
		{38B11511-F797-42F8-B0F8-C975C12FF502}.Debug|Any CPU.ActiveCfg = Debug|Any CPU
		{38B11511-F797-42F8-B0F8-C975C12FF502}.Debug|Any CPU.Build.0 = Debug|Any CPU
		{38B11511-F797-42F8-B0F8-C975C12FF502}.Release|Any CPU.ActiveCfg = Release|Any CPU
		{38B11511-F797-42F8-B0F8-C975C12FF502}.Release|Any CPU.Build.0 = Release|Any CPU
		{C4B6FF2F-818D-43ED-BE3C-1746A954077A}.Debug|Any CPU.ActiveCfg = Debug|Any CPU
		{C4B6FF2F-818D-43ED-BE3C-1746A954077A}.Debug|Any CPU.Build.0 = Debug|Any CPU
		{C4B6FF2F-818D-43ED-BE3C-1746A954077A}.Release|Any CPU.ActiveCfg = Release|Any CPU
		{C4B6FF2F-818D-43ED-BE3C-1746A954077A}.Release|Any CPU.Build.0 = Release|Any CPU
		{09AAB938-1F7B-468C-B901-B88A2E5630A4}.Debug|Any CPU.ActiveCfg = Debug|Any CPU
		{09AAB938-1F7B-468C-B901-B88A2E5630A4}.Debug|Any CPU.Build.0 = Debug|Any CPU
		{09AAB938-1F7B-468C-B901-B88A2E5630A4}.Release|Any CPU.ActiveCfg = Release|Any CPU
		{09AAB938-1F7B-468C-B901-B88A2E5630A4}.Release|Any CPU.Build.0 = Release|Any CPU
		{2E47C678-13D2-466D-9459-A3B4522F1A48}.Debug|Any CPU.ActiveCfg = Debug|Any CPU
		{2E47C678-13D2-466D-9459-A3B4522F1A48}.Debug|Any CPU.Build.0 = Debug|Any CPU
		{2E47C678-13D2-466D-9459-A3B4522F1A48}.Release|Any CPU.ActiveCfg = Release|Any CPU
		{2E47C678-13D2-466D-9459-A3B4522F1A48}.Release|Any CPU.Build.0 = Release|Any CPU
		{F86B8D6D-C31A-41A1-A37A-C62DE9FC5DB1}.Debug|Any CPU.ActiveCfg = Debug|Any CPU
		{F86B8D6D-C31A-41A1-A37A-C62DE9FC5DB1}.Debug|Any CPU.Build.0 = Debug|Any CPU
		{F86B8D6D-C31A-41A1-A37A-C62DE9FC5DB1}.Release|Any CPU.ActiveCfg = Release|Any CPU
		{F86B8D6D-C31A-41A1-A37A-C62DE9FC5DB1}.Release|Any CPU.Build.0 = Release|Any CPU
		{22E78DAD-64B6-4405-98A0-433FAC293A2D}.Debug|Any CPU.ActiveCfg = Debug|Any CPU
		{22E78DAD-64B6-4405-98A0-433FAC293A2D}.Debug|Any CPU.Build.0 = Debug|Any CPU
		{22E78DAD-64B6-4405-98A0-433FAC293A2D}.Release|Any CPU.ActiveCfg = Release|Any CPU
		{22E78DAD-64B6-4405-98A0-433FAC293A2D}.Release|Any CPU.Build.0 = Release|Any CPU
		{7E74BF4F-F894-4136-8845-BCD603A2E4B9}.Debug|Any CPU.ActiveCfg = Debug|Any CPU
		{7E74BF4F-F894-4136-8845-BCD603A2E4B9}.Debug|Any CPU.Build.0 = Debug|Any CPU
		{7E74BF4F-F894-4136-8845-BCD603A2E4B9}.Release|Any CPU.ActiveCfg = Release|Any CPU
		{7E74BF4F-F894-4136-8845-BCD603A2E4B9}.Release|Any CPU.Build.0 = Release|Any CPU
		{B68B0A22-24CC-4282-B688-052E4C5B6F5B}.Debug|Any CPU.ActiveCfg = Debug|Any CPU
		{B68B0A22-24CC-4282-B688-052E4C5B6F5B}.Debug|Any CPU.Build.0 = Debug|Any CPU
		{B68B0A22-24CC-4282-B688-052E4C5B6F5B}.Release|Any CPU.ActiveCfg = Release|Any CPU
		{B68B0A22-24CC-4282-B688-052E4C5B6F5B}.Release|Any CPU.Build.0 = Release|Any CPU
		{70001FF4-7539-4796-AC7A-10F6C5E0E050}.Debug|Any CPU.ActiveCfg = Debug|Any CPU
		{70001FF4-7539-4796-AC7A-10F6C5E0E050}.Debug|Any CPU.Build.0 = Debug|Any CPU
		{70001FF4-7539-4796-AC7A-10F6C5E0E050}.Release|Any CPU.ActiveCfg = Release|Any CPU
		{70001FF4-7539-4796-AC7A-10F6C5E0E050}.Release|Any CPU.Build.0 = Release|Any CPU
		{E7003273-D0E1-43C4-911D-0FA76D67460E}.Debug|Any CPU.ActiveCfg = Debug|Any CPU
		{E7003273-D0E1-43C4-911D-0FA76D67460E}.Debug|Any CPU.Build.0 = Debug|Any CPU
		{E7003273-D0E1-43C4-911D-0FA76D67460E}.Release|Any CPU.ActiveCfg = Release|Any CPU
		{E7003273-D0E1-43C4-911D-0FA76D67460E}.Release|Any CPU.Build.0 = Release|Any CPU
		{89F43485-6CFE-494B-9494-D717BDA905BF}.Debug|Any CPU.ActiveCfg = Debug|Any CPU
		{89F43485-6CFE-494B-9494-D717BDA905BF}.Debug|Any CPU.Build.0 = Debug|Any CPU
		{89F43485-6CFE-494B-9494-D717BDA905BF}.Release|Any CPU.ActiveCfg = Release|Any CPU
		{89F43485-6CFE-494B-9494-D717BDA905BF}.Release|Any CPU.Build.0 = Release|Any CPU
		{BA45FD8A-043A-4BCC-A284-3DCB9543BAF4}.Debug|Any CPU.ActiveCfg = Debug|Any CPU
		{BA45FD8A-043A-4BCC-A284-3DCB9543BAF4}.Debug|Any CPU.Build.0 = Debug|Any CPU
		{BA45FD8A-043A-4BCC-A284-3DCB9543BAF4}.Release|Any CPU.ActiveCfg = Release|Any CPU
		{BA45FD8A-043A-4BCC-A284-3DCB9543BAF4}.Release|Any CPU.Build.0 = Release|Any CPU
		{35B2355F-228B-4F7B-9BC0-216DA6A4E1B9}.Debug|Any CPU.ActiveCfg = Debug|Any CPU
		{35B2355F-228B-4F7B-9BC0-216DA6A4E1B9}.Debug|Any CPU.Build.0 = Debug|Any CPU
		{35B2355F-228B-4F7B-9BC0-216DA6A4E1B9}.Release|Any CPU.ActiveCfg = Release|Any CPU
		{35B2355F-228B-4F7B-9BC0-216DA6A4E1B9}.Release|Any CPU.Build.0 = Release|Any CPU
		{BB4B9E3D-A1A7-4BEE-AB30-2E22D8D736CE}.Debug|Any CPU.ActiveCfg = Debug|Any CPU
		{BB4B9E3D-A1A7-4BEE-AB30-2E22D8D736CE}.Debug|Any CPU.Build.0 = Debug|Any CPU
		{BB4B9E3D-A1A7-4BEE-AB30-2E22D8D736CE}.Release|Any CPU.ActiveCfg = Release|Any CPU
		{BB4B9E3D-A1A7-4BEE-AB30-2E22D8D736CE}.Release|Any CPU.Build.0 = Release|Any CPU
		{1E56C783-474D-43E0-90D1-1E6E2273A61B}.Debug|Any CPU.ActiveCfg = Debug|Any CPU
		{1E56C783-474D-43E0-90D1-1E6E2273A61B}.Debug|Any CPU.Build.0 = Debug|Any CPU
		{1E56C783-474D-43E0-90D1-1E6E2273A61B}.Release|Any CPU.ActiveCfg = Release|Any CPU
		{1E56C783-474D-43E0-90D1-1E6E2273A61B}.Release|Any CPU.Build.0 = Release|Any CPU
		{89E7D917-82A1-4D8F-826A-EDED7F85500E}.Debug|Any CPU.ActiveCfg = Debug|Any CPU
		{89E7D917-82A1-4D8F-826A-EDED7F85500E}.Debug|Any CPU.Build.0 = Debug|Any CPU
		{89E7D917-82A1-4D8F-826A-EDED7F85500E}.Release|Any CPU.ActiveCfg = Release|Any CPU
		{89E7D917-82A1-4D8F-826A-EDED7F85500E}.Release|Any CPU.Build.0 = Release|Any CPU
	EndGlobalSection
	GlobalSection(SolutionProperties) = preSolution
		HideSolutionNode = FALSE
	EndGlobalSection
	GlobalSection(NestedProjects) = preSolution
		{0DEA5D3D-A754-432B-9462-5F79FF1E3EE7} = {02EA681E-C7D8-13C7-8484-4AC65E1B71E8}
		{B60D3B9D-48CC-41D8-B3DE-30789B5CCC56} = {02EA681E-C7D8-13C7-8484-4AC65E1B71E8}
		{4254B347-1010-4214-88BA-0CCC19B64E3A} = {02EA681E-C7D8-13C7-8484-4AC65E1B71E8}
		{9B61CC23-1E12-42F1-9C7F-1BE5BE2A90FB} = {A52F0940-9F19-4ED0-BC41-55A7E8F7C8BD}
		{01FB3A68-46DC-4339-8BCF-7CE6AA4A3659} = {A52F0940-9F19-4ED0-BC41-55A7E8F7C8BD}
		{38B11511-F797-42F8-B0F8-C975C12FF502} = {A52F0940-9F19-4ED0-BC41-55A7E8F7C8BD}
		{C4B6FF2F-818D-43ED-BE3C-1746A954077A} = {4FAA7962-8E27-4AFA-853E-5A690A326260}
		{09AAB938-1F7B-468C-B901-B88A2E5630A4} = {4FAA7962-8E27-4AFA-853E-5A690A326260}
		{2E47C678-13D2-466D-9459-A3B4522F1A48} = {4FAA7962-8E27-4AFA-853E-5A690A326260}
		{F86B8D6D-C31A-41A1-A37A-C62DE9FC5DB1} = {E133CC81-3474-4276-9874-2A5E9EE487FF}
		{22E78DAD-64B6-4405-98A0-433FAC293A2D} = {E133CC81-3474-4276-9874-2A5E9EE487FF}
		{7E74BF4F-F894-4136-8845-BCD603A2E4B9} = {E133CC81-3474-4276-9874-2A5E9EE487FF}
		{B68B0A22-24CC-4282-B688-052E4C5B6F5B} = {D5E32672-76C5-4DAA-A988-DAD8BD2D0706}
		{70001FF4-7539-4796-AC7A-10F6C5E0E050} = {D5E32672-76C5-4DAA-A988-DAD8BD2D0706}
		{E7003273-D0E1-43C4-911D-0FA76D67460E} = {D5E32672-76C5-4DAA-A988-DAD8BD2D0706}
		{89F43485-6CFE-494B-9494-D717BDA905BF} = {A523ADAA-E211-4203-A956-373427985C2C}
		{BA45FD8A-043A-4BCC-A284-3DCB9543BAF4} = {A523ADAA-E211-4203-A956-373427985C2C}
		{35B2355F-228B-4F7B-9BC0-216DA6A4E1B9} = {A523ADAA-E211-4203-A956-373427985C2C}
		{BB4B9E3D-A1A7-4BEE-AB30-2E22D8D736CE} = {BDF2D538-2722-4BD3-9386-832FD3E4D235}
		{1E56C783-474D-43E0-90D1-1E6E2273A61B} = {BDF2D538-2722-4BD3-9386-832FD3E4D235}
		{89E7D917-82A1-4D8F-826A-EDED7F85500E} = {BDF2D538-2722-4BD3-9386-832FD3E4D235}
	EndGlobalSection
	GlobalSection(ExtensibilityGlobals) = postSolution
		SolutionGuid = {F8A50247-1237-438A-AC3F-D4DE9F189373}
	EndGlobalSection
EndGlobal
